// !$*UTF8*$!
{
	archiveVersion = 1;
	classes = {
	};
	objectVersion = 51;
	objects = {

/* Begin PBXBuildFile section */
		7F7A08EC01CC9D366CE9DB56 /* Pods_MyMVVMRxSwiftExample.framework in Frameworks */ = {isa = PBXBuildFile; fileRef = C288913ABBBA85F85E185E04 /* Pods_MyMVVMRxSwiftExample.framework */; };
		FB12945D242F9E4400A7E906 /* CommonViewModel.swift in Sources */ = {isa = PBXBuildFile; fileRef = FB12945C242F9E4400A7E906 /* CommonViewModel.swift */; };
		FB78B0CB242F7B1E006B692E /* AppDelegate.swift in Sources */ = {isa = PBXBuildFile; fileRef = FB78B0CA242F7B1E006B692E /* AppDelegate.swift */; };
		FB78B0CD242F7B1E006B692E /* SceneDelegate.swift in Sources */ = {isa = PBXBuildFile; fileRef = FB78B0CC242F7B1E006B692E /* SceneDelegate.swift */; };
		FB78B0D2242F7B1E006B692E /* Main.storyboard in Resources */ = {isa = PBXBuildFile; fileRef = FB78B0D0242F7B1E006B692E /* Main.storyboard */; };
		FB78B0D5242F7B1E006B692E /* MyMVVMRxSwiftExample.xcdatamodeld in Sources */ = {isa = PBXBuildFile; fileRef = FB78B0D3242F7B1E006B692E /* MyMVVMRxSwiftExample.xcdatamodeld */; };
		FB78B0D7242F7B1F006B692E /* Assets.xcassets in Resources */ = {isa = PBXBuildFile; fileRef = FB78B0D6242F7B1F006B692E /* Assets.xcassets */; };
		FB78B0DA242F7B1F006B692E /* LaunchScreen.storyboard in Resources */ = {isa = PBXBuildFile; fileRef = FB78B0D8242F7B1F006B692E /* LaunchScreen.storyboard */; };
		FB78B0E7242F7C5B006B692E /* Memo.swift in Sources */ = {isa = PBXBuildFile; fileRef = FB78B0E6242F7C5B006B692E /* Memo.swift */; };
		FB78B0E9242F7D9C006B692E /* MemoStorgeType.swift in Sources */ = {isa = PBXBuildFile; fileRef = FB78B0E8242F7D9C006B692E /* MemoStorgeType.swift */; };
		FB78B0ED242F7EA6006B692E /* MemoryStorage.swift in Sources */ = {isa = PBXBuildFile; fileRef = FB78B0EC242F7EA6006B692E /* MemoryStorage.swift */; };
		FB8A2FA4242F8F8200F3FE8C /* MemoListVC.swift in Sources */ = {isa = PBXBuildFile; fileRef = FB8A2FA3242F8F8200F3FE8C /* MemoListVC.swift */; };
		FB8A2FA6242F8FAF00F3FE8C /* MemoDetailsVC.swift in Sources */ = {isa = PBXBuildFile; fileRef = FB8A2FA5242F8FAF00F3FE8C /* MemoDetailsVC.swift */; };
		FB8A2FA8242F8FD100F3FE8C /* MemoComposeVC.swift in Sources */ = {isa = PBXBuildFile; fileRef = FB8A2FA7242F8FD100F3FE8C /* MemoComposeVC.swift */; };
		FB8A2FAA242F8FF600F3FE8C /* MemoListViewModel.swift in Sources */ = {isa = PBXBuildFile; fileRef = FB8A2FA9242F8FF600F3FE8C /* MemoListViewModel.swift */; };
		FB8A2FAC242F901F00F3FE8C /* MemoDetailsViewModel.swift in Sources */ = {isa = PBXBuildFile; fileRef = FB8A2FAB242F901F00F3FE8C /* MemoDetailsViewModel.swift */; };
		FB8A2FAE242F904500F3FE8C /* MemoComposeViewModel.swift in Sources */ = {isa = PBXBuildFile; fileRef = FB8A2FAD242F904500F3FE8C /* MemoComposeViewModel.swift */; };
		FB8A2FB0242F908C00F3FE8C /* ViewModelBindbleType.swift in Sources */ = {isa = PBXBuildFile; fileRef = FB8A2FAF242F908C00F3FE8C /* ViewModelBindbleType.swift */; };
		FB8A2FB2242F937600F3FE8C /* TransitionModel.swift in Sources */ = {isa = PBXBuildFile; fileRef = FB8A2FB1242F937600F3FE8C /* TransitionModel.swift */; };
		FB8A2FB4242F941300F3FE8C /* Scene.swift in Sources */ = {isa = PBXBuildFile; fileRef = FB8A2FB3242F941300F3FE8C /* Scene.swift */; };
		FB8A2FB6242F98B600F3FE8C /* SceneCoordinatorType.swift in Sources */ = {isa = PBXBuildFile; fileRef = FB8A2FB5242F98B600F3FE8C /* SceneCoordinatorType.swift */; };
		FB8A2FB8242F999000F3FE8C /* SceneCoordinator.swift in Sources */ = {isa = PBXBuildFile; fileRef = FB8A2FB7242F999000F3FE8C /* SceneCoordinator.swift */; };
/* End PBXBuildFile section */

/* Begin PBXFileReference section */
		5FBF06D63833615E0CB9C197 /* Pods-MyMVVMRxSwiftExample.debug.xcconfig */ = {isa = PBXFileReference; includeInIndex = 1; lastKnownFileType = text.xcconfig; name = "Pods-MyMVVMRxSwiftExample.debug.xcconfig"; path = "Target Support Files/Pods-MyMVVMRxSwiftExample/Pods-MyMVVMRxSwiftExample.debug.xcconfig"; sourceTree = "<group>"; };
		C288913ABBBA85F85E185E04 /* Pods_MyMVVMRxSwiftExample.framework */ = {isa = PBXFileReference; explicitFileType = wrapper.framework; includeInIndex = 0; path = Pods_MyMVVMRxSwiftExample.framework; sourceTree = BUILT_PRODUCTS_DIR; };
		F6A9B13DF06349646CD2C66B /* Pods-MyMVVMRxSwiftExample.release.xcconfig */ = {isa = PBXFileReference; includeInIndex = 1; lastKnownFileType = text.xcconfig; name = "Pods-MyMVVMRxSwiftExample.release.xcconfig"; path = "Target Support Files/Pods-MyMVVMRxSwiftExample/Pods-MyMVVMRxSwiftExample.release.xcconfig"; sourceTree = "<group>"; };
		FB12945C242F9E4400A7E906 /* CommonViewModel.swift */ = {isa = PBXFileReference; lastKnownFileType = sourcecode.swift; path = CommonViewModel.swift; sourceTree = "<group>"; };
		FB78B0C7242F7B1E006B692E /* MyMVVMRxSwiftExample.app */ = {isa = PBXFileReference; explicitFileType = wrapper.application; includeInIndex = 0; path = MyMVVMRxSwiftExample.app; sourceTree = BUILT_PRODUCTS_DIR; };
		FB78B0CA242F7B1E006B692E /* AppDelegate.swift */ = {isa = PBXFileReference; lastKnownFileType = sourcecode.swift; path = AppDelegate.swift; sourceTree = "<group>"; };
		FB78B0CC242F7B1E006B692E /* SceneDelegate.swift */ = {isa = PBXFileReference; lastKnownFileType = sourcecode.swift; path = SceneDelegate.swift; sourceTree = "<group>"; };
		FB78B0D1242F7B1E006B692E /* Base */ = {isa = PBXFileReference; lastKnownFileType = file.storyboard; name = Base; path = Base.lproj/Main.storyboard; sourceTree = "<group>"; };
		FB78B0D4242F7B1E006B692E /* MyMVVMRxSwiftExample.xcdatamodel */ = {isa = PBXFileReference; lastKnownFileType = wrapper.xcdatamodel; path = MyMVVMRxSwiftExample.xcdatamodel; sourceTree = "<group>"; };
		FB78B0D6242F7B1F006B692E /* Assets.xcassets */ = {isa = PBXFileReference; lastKnownFileType = folder.assetcatalog; path = Assets.xcassets; sourceTree = "<group>"; };
		FB78B0D9242F7B1F006B692E /* Base */ = {isa = PBXFileReference; lastKnownFileType = file.storyboard; name = Base; path = Base.lproj/LaunchScreen.storyboard; sourceTree = "<group>"; };
		FB78B0DB242F7B1F006B692E /* Info.plist */ = {isa = PBXFileReference; lastKnownFileType = text.plist.xml; path = Info.plist; sourceTree = "<group>"; };
		FB78B0E6242F7C5B006B692E /* Memo.swift */ = {isa = PBXFileReference; lastKnownFileType = sourcecode.swift; path = Memo.swift; sourceTree = "<group>"; };
		FB78B0E8242F7D9C006B692E /* MemoStorgeType.swift */ = {isa = PBXFileReference; lastKnownFileType = sourcecode.swift; path = MemoStorgeType.swift; sourceTree = "<group>"; };
		FB78B0EC242F7EA6006B692E /* MemoryStorage.swift */ = {isa = PBXFileReference; lastKnownFileType = sourcecode.swift; path = MemoryStorage.swift; sourceTree = "<group>"; };
		FB8A2FA3242F8F8200F3FE8C /* MemoListVC.swift */ = {isa = PBXFileReference; lastKnownFileType = sourcecode.swift; path = MemoListVC.swift; sourceTree = "<group>"; };
		FB8A2FA5242F8FAF00F3FE8C /* MemoDetailsVC.swift */ = {isa = PBXFileReference; lastKnownFileType = sourcecode.swift; path = MemoDetailsVC.swift; sourceTree = "<group>"; };
		FB8A2FA7242F8FD100F3FE8C /* MemoComposeVC.swift */ = {isa = PBXFileReference; lastKnownFileType = sourcecode.swift; path = MemoComposeVC.swift; sourceTree = "<group>"; };
		FB8A2FA9242F8FF600F3FE8C /* MemoListViewModel.swift */ = {isa = PBXFileReference; lastKnownFileType = sourcecode.swift; path = MemoListViewModel.swift; sourceTree = "<group>"; };
		FB8A2FAB242F901F00F3FE8C /* MemoDetailsViewModel.swift */ = {isa = PBXFileReference; lastKnownFileType = sourcecode.swift; path = MemoDetailsViewModel.swift; sourceTree = "<group>"; };
		FB8A2FAD242F904500F3FE8C /* MemoComposeViewModel.swift */ = {isa = PBXFileReference; lastKnownFileType = sourcecode.swift; path = MemoComposeViewModel.swift; sourceTree = "<group>"; };
		FB8A2FAF242F908C00F3FE8C /* ViewModelBindbleType.swift */ = {isa = PBXFileReference; lastKnownFileType = sourcecode.swift; path = ViewModelBindbleType.swift; sourceTree = "<group>"; };
		FB8A2FB1242F937600F3FE8C /* TransitionModel.swift */ = {isa = PBXFileReference; lastKnownFileType = sourcecode.swift; path = TransitionModel.swift; sourceTree = "<group>"; };
		FB8A2FB3242F941300F3FE8C /* Scene.swift */ = {isa = PBXFileReference; lastKnownFileType = sourcecode.swift; path = Scene.swift; sourceTree = "<group>"; };
		FB8A2FB5242F98B600F3FE8C /* SceneCoordinatorType.swift */ = {isa = PBXFileReference; lastKnownFileType = sourcecode.swift; path = SceneCoordinatorType.swift; sourceTree = "<group>"; };
		FB8A2FB7242F999000F3FE8C /* SceneCoordinator.swift */ = {isa = PBXFileReference; lastKnownFileType = sourcecode.swift; path = SceneCoordinator.swift; sourceTree = "<group>"; };
/* End PBXFileReference section */

/* Begin PBXFrameworksBuildPhase section */
		FB78B0C4242F7B1E006B692E /* Frameworks */ = {
			isa = PBXFrameworksBuildPhase;
			buildActionMask = 2147483647;
			files = (
				7F7A08EC01CC9D366CE9DB56 /* Pods_MyMVVMRxSwiftExample.framework in Frameworks */,
			);
			runOnlyForDeploymentPostprocessing = 0;
		};
/* End PBXFrameworksBuildPhase section */

/* Begin PBXGroup section */
		52E22AA11D06D5533B90F3E2 /* Pods */ = {
			isa = PBXGroup;
			children = (
				5FBF06D63833615E0CB9C197 /* Pods-MyMVVMRxSwiftExample.debug.xcconfig */,
				F6A9B13DF06349646CD2C66B /* Pods-MyMVVMRxSwiftExample.release.xcconfig */,
			);
			path = Pods;
			sourceTree = "<group>";
		};
		5CACB2FA241D43A62DB9B287 /* Frameworks */ = {
			isa = PBXGroup;
			children = (
				C288913ABBBA85F85E185E04 /* Pods_MyMVVMRxSwiftExample.framework */,
			);
			name = Frameworks;
			sourceTree = "<group>";
		};
		FB78B0BE242F7B1E006B692E = {
			isa = PBXGroup;
			children = (
				FB78B0C9242F7B1E006B692E /* MyMVVMRxSwiftExample */,
				FB78B0C8242F7B1E006B692E /* Products */,
				52E22AA11D06D5533B90F3E2 /* Pods */,
				5CACB2FA241D43A62DB9B287 /* Frameworks */,
			);
			sourceTree = "<group>";
		};
		FB78B0C8242F7B1E006B692E /* Products */ = {
			isa = PBXGroup;
			children = (
				FB78B0C7242F7B1E006B692E /* MyMVVMRxSwiftExample.app */,
			);
			name = Products;
			sourceTree = "<group>";
		};
		FB78B0C9242F7B1E006B692E /* MyMVVMRxSwiftExample */ = {
			isa = PBXGroup;
			children = (
				FB78B0E5242F7BCF006B692E /* Scene */,
				FB78B0E4242F7BBD006B692E /* Service */,
				FB78B0E3242F7BAE006B692E /* ViewModel */,
				FB78B0E2242F7B9E006B692E /* ViewController */,
				FB78B0E1242F7B8D006B692E /* Model */,
				FB78B0CA242F7B1E006B692E /* AppDelegate.swift */,
				FB78B0CC242F7B1E006B692E /* SceneDelegate.swift */,
				FB78B0D6242F7B1F006B692E /* Assets.xcassets */,
				FB78B0DB242F7B1F006B692E /* Info.plist */,
			);
			path = MyMVVMRxSwiftExample;
			sourceTree = "<group>";
		};
		FB78B0E1242F7B8D006B692E /* Model */ = {
			isa = PBXGroup;
			children = (
				FB78B0E6242F7C5B006B692E /* Memo.swift */,
			);
			path = Model;
			sourceTree = "<group>";
		};
		FB78B0E2242F7B9E006B692E /* ViewController */ = {
			isa = PBXGroup;
			children = (
				FB78B0D0242F7B1E006B692E /* Main.storyboard */,
				FB78B0D8242F7B1F006B692E /* LaunchScreen.storyboard */,
				FB8A2FA3242F8F8200F3FE8C /* MemoListVC.swift */,
				FB8A2FA5242F8FAF00F3FE8C /* MemoDetailsVC.swift */,
				FB8A2FA7242F8FD100F3FE8C /* MemoComposeVC.swift */,
				FB8A2FAF242F908C00F3FE8C /* ViewModelBindbleType.swift */,
			);
			path = ViewController;
			sourceTree = "<group>";
		};
		FB78B0E3242F7BAE006B692E /* ViewModel */ = {
			isa = PBXGroup;
			children = (
				FB8A2FA9242F8FF600F3FE8C /* MemoListViewModel.swift */,
				FB8A2FAB242F901F00F3FE8C /* MemoDetailsViewModel.swift */,
				FB8A2FAD242F904500F3FE8C /* MemoComposeViewModel.swift */,
				FB12945C242F9E4400A7E906 /* CommonViewModel.swift */,
			);
			path = ViewModel;
			sourceTree = "<group>";
		};
		FB78B0E4242F7BBD006B692E /* Service */ = {
			isa = PBXGroup;
			children = (
				FB78B0EB242F7E7D006B692E /* CoreDataStorage */,
				FB78B0EA242F7E6C006B692E /* MemoStorage */,
				FB78B0E8242F7D9C006B692E /* MemoStorgeType.swift */,
			);
			path = Service;
			sourceTree = "<group>";
		};
		FB78B0E5242F7BCF006B692E /* Scene */ = {
			isa = PBXGroup;
			children = (
				FB8A2FB1242F937600F3FE8C /* TransitionModel.swift */,
				FB8A2FB3242F941300F3FE8C /* Scene.swift */,
				FB8A2FB5242F98B600F3FE8C /* SceneCoordinatorType.swift */,
				FB8A2FB7242F999000F3FE8C /* SceneCoordinator.swift */,
			);
			path = Scene;
			sourceTree = "<group>";
		};
		FB78B0EA242F7E6C006B692E /* MemoStorage */ = {
			isa = PBXGroup;
			children = (
				FB78B0EC242F7EA6006B692E /* MemoryStorage.swift */,
			);
			path = MemoStorage;
			sourceTree = "<group>";
		};
		FB78B0EB242F7E7D006B692E /* CoreDataStorage */ = {
			isa = PBXGroup;
			children = (
				FB78B0D3242F7B1E006B692E /* MyMVVMRxSwiftExample.xcdatamodeld */,
			);
			path = CoreDataStorage;
			sourceTree = "<group>";
		};
/* End PBXGroup section */

/* Begin PBXNativeTarget section */
		FB78B0C6242F7B1E006B692E /* MyMVVMRxSwiftExample */ = {
			isa = PBXNativeTarget;
			buildConfigurationList = FB78B0DE242F7B1F006B692E /* Build configuration list for PBXNativeTarget "MyMVVMRxSwiftExample" */;
			buildPhases = (
				CD382CF3B2C42BE41849CFBC /* [CP] Check Pods Manifest.lock */,
				FB78B0C3242F7B1E006B692E /* Sources */,
				FB78B0C4242F7B1E006B692E /* Frameworks */,
				FB78B0C5242F7B1E006B692E /* Resources */,
				C4D144C894E651CFD6C70EBB /* [CP] Embed Pods Frameworks */,
			);
			buildRules = (
			);
			dependencies = (
			);
			name = MyMVVMRxSwiftExample;
			productName = MyMVVMRxSwiftExample;
			productReference = FB78B0C7242F7B1E006B692E /* MyMVVMRxSwiftExample.app */;
			productType = "com.apple.product-type.application";
		};
/* End PBXNativeTarget section */

/* Begin PBXProject section */
		FB78B0BF242F7B1E006B692E /* Project object */ = {
			isa = PBXProject;
			attributes = {
				LastSwiftUpdateCheck = 1130;
				LastUpgradeCheck = 1130;
				ORGANIZATIONNAME = Mohamed;
				TargetAttributes = {
					FB78B0C6242F7B1E006B692E = {
						CreatedOnToolsVersion = 11.3.1;
					};
				};
			};
			buildConfigurationList = FB78B0C2242F7B1E006B692E /* Build configuration list for PBXProject "MyMVVMRxSwiftExample" */;
			compatibilityVersion = "Xcode 9.3";
			developmentRegion = en;
			hasScannedForEncodings = 0;
			knownRegions = (
				en,
				Base,
			);
			mainGroup = FB78B0BE242F7B1E006B692E;
			productRefGroup = FB78B0C8242F7B1E006B692E /* Products */;
			projectDirPath = "";
			projectRoot = "";
			targets = (
				FB78B0C6242F7B1E006B692E /* MyMVVMRxSwiftExample */,
			);
		};
/* End PBXProject section */

/* Begin PBXResourcesBuildPhase section */
		FB78B0C5242F7B1E006B692E /* Resources */ = {
			isa = PBXResourcesBuildPhase;
			buildActionMask = 2147483647;
			files = (
				FB78B0DA242F7B1F006B692E /* LaunchScreen.storyboard in Resources */,
				FB78B0D7242F7B1F006B692E /* Assets.xcassets in Resources */,
				FB78B0D2242F7B1E006B692E /* Main.storyboard in Resources */,
			);
			runOnlyForDeploymentPostprocessing = 0;
		};
/* End PBXResourcesBuildPhase section */

/* Begin PBXShellScriptBuildPhase section */
		C4D144C894E651CFD6C70EBB /* [CP] Embed Pods Frameworks */ = {
			isa = PBXShellScriptBuildPhase;
			buildActionMask = 2147483647;
			files = (
			);
			inputFileListPaths = (
				"${PODS_ROOT}/Target Support Files/Pods-MyMVVMRxSwiftExample/Pods-MyMVVMRxSwiftExample-frameworks-${CONFIGURATION}-input-files.xcfilelist",
			);
			name = "[CP] Embed Pods Frameworks";
			outputFileListPaths = (
				"${PODS_ROOT}/Target Support Files/Pods-MyMVVMRxSwiftExample/Pods-MyMVVMRxSwiftExample-frameworks-${CONFIGURATION}-output-files.xcfilelist",
			);
			runOnlyForDeploymentPostprocessing = 0;
			shellPath = /bin/sh;
			shellScript = "\"${PODS_ROOT}/Target Support Files/Pods-MyMVVMRxSwiftExample/Pods-MyMVVMRxSwiftExample-frameworks.sh\"\n";
			showEnvVarsInLog = 0;
		};
		CD382CF3B2C42BE41849CFBC /* [CP] Check Pods Manifest.lock */ = {
			isa = PBXShellScriptBuildPhase;
			buildActionMask = 2147483647;
			files = (
			);
			inputFileListPaths = (
			);
			inputPaths = (
				"${PODS_PODFILE_DIR_PATH}/Podfile.lock",
				"${PODS_ROOT}/Manifest.lock",
			);
			name = "[CP] Check Pods Manifest.lock";
			outputFileListPaths = (
			);
			outputPaths = (
				"$(DERIVED_FILE_DIR)/Pods-MyMVVMRxSwiftExample-checkManifestLockResult.txt",
			);
			runOnlyForDeploymentPostprocessing = 0;
			shellPath = /bin/sh;
			shellScript = "diff \"${PODS_PODFILE_DIR_PATH}/Podfile.lock\" \"${PODS_ROOT}/Manifest.lock\" > /dev/null\nif [ $? != 0 ] ; then\n    # print error to STDERR\n    echo \"error: The sandbox is not in sync with the Podfile.lock. Run 'pod install' or update your CocoaPods installation.\" >&2\n    exit 1\nfi\n# This output is used by Xcode 'outputs' to avoid re-running this script phase.\necho \"SUCCESS\" > \"${SCRIPT_OUTPUT_FILE_0}\"\n";
			showEnvVarsInLog = 0;
		};
/* End PBXShellScriptBuildPhase section */

/* Begin PBXSourcesBuildPhase section */
		FB78B0C3242F7B1E006B692E /* Sources */ = {
			isa = PBXSourcesBuildPhase;
			buildActionMask = 2147483647;
			files = (
				FB78B0ED242F7EA6006B692E /* MemoryStorage.swift in Sources */,
				FB8A2FAE242F904500F3FE8C /* MemoComposeViewModel.swift in Sources */,
				FB8A2FB8242F999000F3FE8C /* SceneCoordinator.swift in Sources */,
				FB8A2FB4242F941300F3FE8C /* Scene.swift in Sources */,
				FB78B0D5242F7B1E006B692E /* MyMVVMRxSwiftExample.xcdatamodeld in Sources */,
				FB8A2FA4242F8F8200F3FE8C /* MemoListVC.swift in Sources */,
				FB8A2FA6242F8FAF00F3FE8C /* MemoDetailsVC.swift in Sources */,
				FB78B0E9242F7D9C006B692E /* MemoStorgeType.swift in Sources */,
				FB78B0CB242F7B1E006B692E /* AppDelegate.swift in Sources */,
				FB8A2FAA242F8FF600F3FE8C /* MemoListViewModel.swift in Sources */,
				FB8A2FB6242F98B600F3FE8C /* SceneCoordinatorType.swift in Sources */,
				FB78B0CD242F7B1E006B692E /* SceneDelegate.swift in Sources */,
				FB8A2FAC242F901F00F3FE8C /* MemoDetailsViewModel.swift in Sources */,
				FB12945D242F9E4400A7E906 /* CommonViewModel.swift in Sources */,
				FB8A2FB2242F937600F3FE8C /* TransitionModel.swift in Sources */,
				FB78B0E7242F7C5B006B692E /* Memo.swift in Sources */,
				FB8A2FA8242F8FD100F3FE8C /* MemoComposeVC.swift in Sources */,
				FB8A2FB0242F908C00F3FE8C /* ViewModelBindbleType.swift in Sources */,
			);
			runOnlyForDeploymentPostprocessing = 0;
		};
/* End PBXSourcesBuildPhase section */

/* Begin PBXVariantGroup section */
		FB78B0D0242F7B1E006B692E /* Main.storyboard */ = {
			isa = PBXVariantGroup;
			children = (
				FB78B0D1242F7B1E006B692E /* Base */,
			);
			name = Main.storyboard;
			sourceTree = "<group>";
		};
		FB78B0D8242F7B1F006B692E /* LaunchScreen.storyboard */ = {
			isa = PBXVariantGroup;
			children = (
				FB78B0D9242F7B1F006B692E /* Base */,
			);
			name = LaunchScreen.storyboard;
			sourceTree = "<group>";
		};
/* End PBXVariantGroup section */

/* Begin XCBuildConfiguration section */
		FB78B0DC242F7B1F006B692E /* Debug */ = {
			isa = XCBuildConfiguration;
			buildSettings = {
				ALWAYS_SEARCH_USER_PATHS = NO;
				CLANG_ANALYZER_NONNULL = YES;
				CLANG_ANALYZER_NUMBER_OBJECT_CONVERSION = YES_AGGRESSIVE;
				CLANG_CXX_LANGUAGE_STANDARD = "gnu++14";
				CLANG_CXX_LIBRARY = "libc++";
				CLANG_ENABLE_MODULES = YES;
				CLANG_ENABLE_OBJC_ARC = YES;
				CLANG_ENABLE_OBJC_WEAK = YES;
				CLANG_WARN_BLOCK_CAPTURE_AUTORELEASING = YES;
				CLANG_WARN_BOOL_CONVERSION = YES;
				CLANG_WARN_COMMA = YES;
				CLANG_WARN_CONSTANT_CONVERSION = YES;
				CLANG_WARN_DEPRECATED_OBJC_IMPLEMENTATIONS = YES;
				CLANG_WARN_DIRECT_OBJC_ISA_USAGE = YES_ERROR;
				CLANG_WARN_DOCUMENTATION_COMMENTS = YES;
				CLANG_WARN_EMPTY_BODY = YES;
				CLANG_WARN_ENUM_CONVERSION = YES;
				CLANG_WARN_INFINITE_RECURSION = YES;
				CLANG_WARN_INT_CONVERSION = YES;
				CLANG_WARN_NON_LITERAL_NULL_CONVERSION = YES;
				CLANG_WARN_OBJC_IMPLICIT_RETAIN_SELF = YES;
				CLANG_WARN_OBJC_LITERAL_CONVERSION = YES;
				CLANG_WARN_OBJC_ROOT_CLASS = YES_ERROR;
				CLANG_WARN_RANGE_LOOP_ANALYSIS = YES;
				CLANG_WARN_STRICT_PROTOTYPES = YES;
				CLANG_WARN_SUSPICIOUS_MOVE = YES;
				CLANG_WARN_UNGUARDED_AVAILABILITY = YES_AGGRESSIVE;
				CLANG_WARN_UNREACHABLE_CODE = YES;
				CLANG_WARN__DUPLICATE_METHOD_MATCH = YES;
				COPY_PHASE_STRIP = NO;
				DEBUG_INFORMATION_FORMAT = dwarf;
				ENABLE_STRICT_OBJC_MSGSEND = YES;
				ENABLE_TESTABILITY = YES;
				GCC_C_LANGUAGE_STANDARD = gnu11;
				GCC_DYNAMIC_NO_PIC = NO;
				GCC_NO_COMMON_BLOCKS = YES;
				GCC_OPTIMIZATION_LEVEL = 0;
				GCC_PREPROCESSOR_DEFINITIONS = (
					"DEBUG=1",
					"$(inherited)",
				);
				GCC_WARN_64_TO_32_BIT_CONVERSION = YES;
				GCC_WARN_ABOUT_RETURN_TYPE = YES_ERROR;
				GCC_WARN_UNDECLARED_SELECTOR = YES;
				GCC_WARN_UNINITIALIZED_AUTOS = YES_AGGRESSIVE;
				GCC_WARN_UNUSED_FUNCTION = YES;
				GCC_WARN_UNUSED_VARIABLE = YES;
				IPHONEOS_DEPLOYMENT_TARGET = 13.2;
				MTL_ENABLE_DEBUG_INFO = INCLUDE_SOURCE;
				MTL_FAST_MATH = YES;
				ONLY_ACTIVE_ARCH = YES;
				SDKROOT = iphoneos;
				SWIFT_ACTIVE_COMPILATION_CONDITIONS = DEBUG;
				SWIFT_OPTIMIZATION_LEVEL = "-Onone";
			};
			name = Debug;
		};
		FB78B0DD242F7B1F006B692E /* Release */ = {
			isa = XCBuildConfiguration;
			buildSettings = {
				ALWAYS_SEARCH_USER_PATHS = NO;
				CLANG_ANALYZER_NONNULL = YES;
				CLANG_ANALYZER_NUMBER_OBJECT_CONVERSION = YES_AGGRESSIVE;
				CLANG_CXX_LANGUAGE_STANDARD = "gnu++14";
				CLANG_CXX_LIBRARY = "libc++";
				CLANG_ENABLE_MODULES = YES;
				CLANG_ENABLE_OBJC_ARC = YES;
				CLANG_ENABLE_OBJC_WEAK = YES;
				CLANG_WARN_BLOCK_CAPTURE_AUTORELEASING = YES;
				CLANG_WARN_BOOL_CONVERSION = YES;
				CLANG_WARN_COMMA = YES;
				CLANG_WARN_CONSTANT_CONVERSION = YES;
				CLANG_WARN_DEPRECATED_OBJC_IMPLEMENTATIONS = YES;
				CLANG_WARN_DIRECT_OBJC_ISA_USAGE = YES_ERROR;
				CLANG_WARN_DOCUMENTATION_COMMENTS = YES;
				CLANG_WARN_EMPTY_BODY = YES;
				CLANG_WARN_ENUM_CONVERSION = YES;
				CLANG_WARN_INFINITE_RECURSION = YES;
				CLANG_WARN_INT_CONVERSION = YES;
				CLANG_WARN_NON_LITERAL_NULL_CONVERSION = YES;
				CLANG_WARN_OBJC_IMPLICIT_RETAIN_SELF = YES;
				CLANG_WARN_OBJC_LITERAL_CONVERSION = YES;
				CLANG_WARN_OBJC_ROOT_CLASS = YES_ERROR;
				CLANG_WARN_RANGE_LOOP_ANALYSIS = YES;
				CLANG_WARN_STRICT_PROTOTYPES = YES;
				CLANG_WARN_SUSPICIOUS_MOVE = YES;
				CLANG_WARN_UNGUARDED_AVAILABILITY = YES_AGGRESSIVE;
				CLANG_WARN_UNREACHABLE_CODE = YES;
				CLANG_WARN__DUPLICATE_METHOD_MATCH = YES;
				COPY_PHASE_STRIP = NO;
				DEBUG_INFORMATION_FORMAT = "dwarf-with-dsym";
				ENABLE_NS_ASSERTIONS = NO;
				ENABLE_STRICT_OBJC_MSGSEND = YES;
				GCC_C_LANGUAGE_STANDARD = gnu11;
				GCC_NO_COMMON_BLOCKS = YES;
				GCC_WARN_64_TO_32_BIT_CONVERSION = YES;
				GCC_WARN_ABOUT_RETURN_TYPE = YES_ERROR;
				GCC_WARN_UNDECLARED_SELECTOR = YES;
				GCC_WARN_UNINITIALIZED_AUTOS = YES_AGGRESSIVE;
				GCC_WARN_UNUSED_FUNCTION = YES;
				GCC_WARN_UNUSED_VARIABLE = YES;
				IPHONEOS_DEPLOYMENT_TARGET = 13.2;
				MTL_ENABLE_DEBUG_INFO = NO;
				MTL_FAST_MATH = YES;
				SDKROOT = iphoneos;
				SWIFT_COMPILATION_MODE = wholemodule;
				SWIFT_OPTIMIZATION_LEVEL = "-O";
				VALIDATE_PRODUCT = YES;
			};
			name = Release;
		};
		FB78B0DF242F7B1F006B692E /* Debug */ = {
			isa = XCBuildConfiguration;
			baseConfigurationReference = 5FBF06D63833615E0CB9C197 /* Pods-MyMVVMRxSwiftExample.debug.xcconfig */;
			buildSettings = {
				ASSETCATALOG_COMPILER_APPICON_NAME = AppIcon;
				CODE_SIGN_STYLE = Automatic;
				DEVELOPMENT_TEAM = 4ZH4T4TWZ3;
				INFOPLIST_FILE = MyMVVMRxSwiftExample/Info.plist;
				LD_RUNPATH_SEARCH_PATHS = (
					"$(inherited)",
					"@executable_path/Frameworks",
				);
				PRODUCT_BUNDLE_IDENTIFIER = M.MyMVVMRxSwiftExample;
				PRODUCT_NAME = "$(TARGET_NAME)";
				SWIFT_VERSION = 5.0;
				TARGETED_DEVICE_FAMILY = "1,2";
			};
			name = Debug;
		};
		FB78B0E0242F7B1F006B692E /* Release */ = {
			isa = XCBuildConfiguration;
			baseConfigurationReference = F6A9B13DF06349646CD2C66B /* Pods-MyMVVMRxSwiftExample.release.xcconfig */;
			buildSettings = {
				ASSETCATALOG_COMPILER_APPICON_NAME = AppIcon;
				CODE_SIGN_STYLE = Automatic;
				DEVELOPMENT_TEAM = 4ZH4T4TWZ3;
				INFOPLIST_FILE = MyMVVMRxSwiftExample/Info.plist;
				LD_RUNPATH_SEARCH_PATHS = (
					"$(inherited)",
					"@executable_path/Frameworks",
				);
				PRODUCT_BUNDLE_IDENTIFIER = M.MyMVVMRxSwiftExample;
				PRODUCT_NAME = "$(TARGET_NAME)";
				SWIFT_VERSION = 5.0;
				TARGETED_DEVICE_FAMILY = "1,2";
			};
			name = Release;
		};
/* End XCBuildConfiguration section */

/* Begin XCConfigurationList section */
		FB78B0C2242F7B1E006B692E /* Build configuration list for PBXProject "MyMVVMRxSwiftExample" */ = {
			isa = XCConfigurationList;
			buildConfigurations = (
				FB78B0DC242F7B1F006B692E /* Debug */,
				FB78B0DD242F7B1F006B692E /* Release */,
			);
			defaultConfigurationIsVisible = 0;
			defaultConfigurationName = Release;
		};
		FB78B0DE242F7B1F006B692E /* Build configuration list for PBXNativeTarget "MyMVVMRxSwiftExample" */ = {
			isa = XCConfigurationList;
			buildConfigurations = (
				FB78B0DF242F7B1F006B692E /* Debug */,
				FB78B0E0242F7B1F006B692E /* Release */,
			);
			defaultConfigurationIsVisible = 0;
			defaultConfigurationName = Release;
		};
/* End XCConfigurationList section */

/* Begin XCVersionGroup section */
		FB78B0D3242F7B1E006B692E /* MyMVVMRxSwiftExample.xcdatamodeld */ = {
			isa = XCVersionGroup;
			children = (
				FB78B0D4242F7B1E006B692E /* MyMVVMRxSwiftExample.xcdatamodel */,
			);
			currentVersion = FB78B0D4242F7B1E006B692E /* MyMVVMRxSwiftExample.xcdatamodel */;
			path = MyMVVMRxSwiftExample.xcdatamodeld;
			sourceTree = "<group>";
			versionGroupType = wrapper.xcdatamodel;
		};
/* End XCVersionGroup section */
	};
	rootObject = FB78B0BF242F7B1E006B692E /* Project object */;
}
